
Microsoft Visual Studio Solution File, Format Version 12.00
# Visual Studio Version 17
VisualStudioVersion = 17.3.32929.385
MinimumVisualStudioVersion = 10.0.40219.1
Project("{9A19103F-16F7-4668-BE54-9A1E7A4F7556}") = "ProductManager", "src\ProductManager\ProductManager.csproj", "{4C9243CD-DC30-4D6D-A1C2-040D0C0158CA}"
EndProject
Project("{2150E333-8FDC-42A3-9474-1A3956D46DE8}") = "01 - Application", "01 - Application", "{F1B4991F-3DD5-496B-84D3-6C80348A31E8}"
EndProject
Project("{2150E333-8FDC-42A3-9474-1A3956D46DE8}") = "02 - Services", "02 - Services", "{4F426446-8467-40C7-BFE0-CBE87B2192D8}"
EndProject
Project("{2150E333-8FDC-42A3-9474-1A3956D46DE8}") = "03 - Domain", "03 - Domain", "{4A8FFAFE-6B93-481C-8401-495EBCD80E43}"
EndProject
Project("{2150E333-8FDC-42A3-9474-1A3956D46DE8}") = "04 - Infra", "04 - Infra", "{690684F6-7096-4CCA-8360-5CE12A76065F}"
EndProject
Project("{2150E333-8FDC-42A3-9474-1A3956D46DE8}") = "05 - Test", "05 - Test", "{AC99900D-ED34-4689-A1A2-C1F5286EE2C2}"
EndProject
Project("{2150E333-8FDC-42A3-9474-1A3956D46DE8}") = "04.01 - Data", "04.01 - Data", "{99DDE42A-4442-44F4-A853-8647590456C7}"
EndProject
Project("{9A19103F-16F7-4668-BE54-9A1E7A4F7556}") = "ProductManager.Infra.Data", "src\ProductManager.Infra.Data\ProductManager.Infra.Data.csproj", "{522FB5C3-E14B-4677-9260-553B8E188136}"
EndProject
Project("{9A19103F-16F7-4668-BE54-9A1E7A4F7556}") = "ProductManager.Domain", "src\ProductManager.Domain\ProductManager.Domain.csproj", "{AC57F1F1-D9FF-4537-9784-119A853BEEF3}"
EndProject
Project("{2150E333-8FDC-42A3-9474-1A3956D46DE8}") = "04.02 - CrossCutting", "04.02 - CrossCutting", "{3D676E3D-F52B-4273-ABF2-7205D305DB5D}"
EndProject
Project("{9A19103F-16F7-4668-BE54-9A1E7A4F7556}") = "ProductManger.Infra.CrossCutting", "src\ProductManger.Infra.CrossCutting\ProductManger.Infra.CrossCutting.csproj", "{6A26DE78-D39E-403F-8150-B7ADF3FBEC75}"
EndProject
Project("{9A19103F-16F7-4668-BE54-9A1E7A4F7556}") = "ProductManager.Service", "src\ProductManager.Service\ProductManager.Service.csproj", "{72B2CC1D-3076-4B65-B264-59E21B8F7C47}"
EndProject
Project("{2150E333-8FDC-42A3-9474-1A3956D46DE8}") = "05.01 - Test.Unit", "05.01 - Test.Unit", "{5CD0B9C8-62A6-4A3D-9B52-6B1C7682150E}"
EndProject
Project("{FAE04EC0-301F-11D3-BF4B-00C04F79EFBC}") = "ProductManager.Test.Unit", "src\ProductManager.Test.Unit\ProductManager.Test.Unit.csproj", "{FDB05A91-0617-4336-9A9C-E400E706CB01}"
EndProject
Global
	GlobalSection(SolutionConfigurationPlatforms) = preSolution
		Debug|Any CPU = Debug|Any CPU
		Release|Any CPU = Release|Any CPU
	EndGlobalSection
	GlobalSection(ProjectConfigurationPlatforms) = postSolution
		{4C9243CD-DC30-4D6D-A1C2-040D0C0158CA}.Debug|Any CPU.ActiveCfg = Debug|Any CPU
		{4C9243CD-DC30-4D6D-A1C2-040D0C0158CA}.Debug|Any CPU.Build.0 = Debug|Any CPU
		{4C9243CD-DC30-4D6D-A1C2-040D0C0158CA}.Release|Any CPU.ActiveCfg = Release|Any CPU
		{4C9243CD-DC30-4D6D-A1C2-040D0C0158CA}.Release|Any CPU.Build.0 = Release|Any CPU
		{522FB5C3-E14B-4677-9260-553B8E188136}.Debug|Any CPU.ActiveCfg = Debug|Any CPU
		{522FB5C3-E14B-4677-9260-553B8E188136}.Debug|Any CPU.Build.0 = Debug|Any CPU
		{522FB5C3-E14B-4677-9260-553B8E188136}.Release|Any CPU.ActiveCfg = Release|Any CPU
		{522FB5C3-E14B-4677-9260-553B8E188136}.Release|Any CPU.Build.0 = Release|Any CPU
		{AC57F1F1-D9FF-4537-9784-119A853BEEF3}.Debug|Any CPU.ActiveCfg = Debug|Any CPU
		{AC57F1F1-D9FF-4537-9784-119A853BEEF3}.Debug|Any CPU.Build.0 = Debug|Any CPU
		{AC57F1F1-D9FF-4537-9784-119A853BEEF3}.Release|Any CPU.ActiveCfg = Release|Any CPU
		{AC57F1F1-D9FF-4537-9784-119A853BEEF3}.Release|Any CPU.Build.0 = Release|Any CPU
		{6A26DE78-D39E-403F-8150-B7ADF3FBEC75}.Debug|Any CPU.ActiveCfg = Debug|Any CPU
		{6A26DE78-D39E-403F-8150-B7ADF3FBEC75}.Debug|Any CPU.Build.0 = Debug|Any CPU
		{6A26DE78-D39E-403F-8150-B7ADF3FBEC75}.Release|Any CPU.ActiveCfg = Release|Any CPU
		{6A26DE78-D39E-403F-8150-B7ADF3FBEC75}.Release|Any CPU.Build.0 = Release|Any CPU
		{72B2CC1D-3076-4B65-B264-59E21B8F7C47}.Debug|Any CPU.ActiveCfg = Debug|Any CPU
		{72B2CC1D-3076-4B65-B264-59E21B8F7C47}.Debug|Any CPU.Build.0 = Debug|Any CPU
		{72B2CC1D-3076-4B65-B264-59E21B8F7C47}.Release|Any CPU.ActiveCfg = Release|Any CPU
		{72B2CC1D-3076-4B65-B264-59E21B8F7C47}.Release|Any CPU.Build.0 = Release|Any CPU
		{FDB05A91-0617-4336-9A9C-E400E706CB01}.Debug|Any CPU.ActiveCfg = Debug|Any CPU
		{FDB05A91-0617-4336-9A9C-E400E706CB01}.Debug|Any CPU.Build.0 = Debug|Any CPU
		{FDB05A91-0617-4336-9A9C-E400E706CB01}.Release|Any CPU.ActiveCfg = Release|Any CPU
		{FDB05A91-0617-4336-9A9C-E400E706CB01}.Release|Any CPU.Build.0 = Release|Any CPU
	EndGlobalSection
	GlobalSection(SolutionProperties) = preSolution
		HideSolutionNode = FALSE
	EndGlobalSection
	GlobalSection(NestedProjects) = preSolution
		{4C9243CD-DC30-4D6D-A1C2-040D0C0158CA} = {F1B4991F-3DD5-496B-84D3-6C80348A31E8}
		{99DDE42A-4442-44F4-A853-8647590456C7} = {690684F6-7096-4CCA-8360-5CE12A76065F}
		{522FB5C3-E14B-4677-9260-553B8E188136} = {99DDE42A-4442-44F4-A853-8647590456C7}
		{AC57F1F1-D9FF-4537-9784-119A853BEEF3} = {4A8FFAFE-6B93-481C-8401-495EBCD80E43}
		{3D676E3D-F52B-4273-ABF2-7205D305DB5D} = {690684F6-7096-4CCA-8360-5CE12A76065F}
		{6A26DE78-D39E-403F-8150-B7ADF3FBEC75} = {3D676E3D-F52B-4273-ABF2-7205D305DB5D}
		{72B2CC1D-3076-4B65-B264-59E21B8F7C47} = {4F426446-8467-40C7-BFE0-CBE87B2192D8}
		{5CD0B9C8-62A6-4A3D-9B52-6B1C7682150E} = {AC99900D-ED34-4689-A1A2-C1F5286EE2C2}
		{FDB05A91-0617-4336-9A9C-E400E706CB01} = {5CD0B9C8-62A6-4A3D-9B52-6B1C7682150E}
	EndGlobalSection
	GlobalSection(ExtensibilityGlobals) = postSolution
		SolutionGuid = {C31C2C68-ADE0-470F-9EA5-40D33CD82F10}
	EndGlobalSection
EndGlobal
